
Microsoft Visual Studio Solution File, Format Version 12.00
# Visual Studio 15
VisualStudioVersion = 15.0.28010.2046
MinimumVisualStudioVersion = 10.0.40219.1
Project("{FAE04EC0-301F-11D3-BF4B-00C04F79EFBC}") = "ImageFlipper", "IamgeFlipper\ImageFlipper.csproj", "{5028F94E-DED3-4E09-8FBD-6F3CAFCC6A66}"
EndProject
Global
	GlobalSection(SolutionConfigurationPlatforms) = preSolution
		Debug|Any CPU = Debug|Any CPU
		Release|Any CPU = Release|Any CPU
	EndGlobalSection
	GlobalSection(ProjectConfigurationPlatforms) = postSolution
		{5028F94E-DED3-4E09-8FBD-6F3CAFCC6A66}.Debug|Any CPU.ActiveCfg = Debug|Any CPU
		{5028F94E-DED3-4E09-8FBD-6F3CAFCC6A66}.Debug|Any CPU.Build.0 = Debug|Any CPU
		{5028F94E-DED3-4E09-8FBD-6F3CAFCC6A66}.Release|Any CPU.ActiveCfg = Release|Any CPU
		{5028F94E-DED3-4E09-8FBD-6F3CAFCC6A66}.Release|Any CPU.Build.0 = Release|Any CPU
	EndGlobalSection
	GlobalSection(SolutionProperties) = preSolution
		HideSolutionNode = FALSE
	EndGlobalSection
	GlobalSection(ExtensibilityGlobals) = postSolution
		SolutionGuid = {C5BCF7D0-4496-4B84-9AE0-D803ADA4CCEC}
	EndGlobalSection
EndGlobal
